
Microsoft Visual Studio Solution File, Format Version 12.00
# Visual Studio Version 17
VisualStudioVersion = 17.14.36804.6 d17.14
MinimumVisualStudioVersion = 10.0.40219.1
Project("{FAE04EC0-301F-11D3-BF4B-00C04F79EFBC}") = "AgentToolsSpreadsheet", "AgentToolsSpreadsheet.csproj", "{1776696A-7407-480E-0E1D-3C00B40C0155}"
EndProject
Global
	GlobalSection(SolutionConfigurationPlatforms) = preSolution
		Debug|Any CPU = Debug|Any CPU
		Release|Any CPU = Release|Any CPU
	EndGlobalSection
	GlobalSection(ProjectConfigurationPlatforms) = postSolution
		{1776696A-7407-480E-0E1D-3C00B40C0155}.Debug|Any CPU.ActiveCfg = Debug|Any CPU
		{1776696A-7407-480E-0E1D-3C00B40C0155}.Debug|Any CPU.Build.0 = Debug|Any CPU
		{1776696A-7407-480E-0E1D-3C00B40C0155}.Release|Any CPU.ActiveCfg = Release|Any CPU
		{1776696A-7407-480E-0E1D-3C00B40C0155}.Release|Any CPU.Build.0 = Release|Any CPU
	EndGlobalSection
	GlobalSection(SolutionProperties) = preSolution
		HideSolutionNode = FALSE
	EndGlobalSection
	GlobalSection(ExtensibilityGlobals) = postSolution
		SolutionGuid = {922350CA-2ED9-4B99-A7F8-8EABEAC13839}
	EndGlobalSection
EndGlobal
