
Microsoft Visual Studio Solution File, Format Version 12.00
# Visual Studio Version 16
VisualStudioVersion = 16.0.29709.97
MinimumVisualStudioVersion = 10.0.40219.1
Project("{9A19103F-16F7-4668-BE54-9A1E7A4F7556}") = "AppendWorksheetToExistingWorkbook_NetStandard", "AppendWorksheetToExistingWorkbook\AppendWorksheetToExistingWorkbook_NetStandard.csproj", "{EA789F02-2324-41CC-B871-A3BE47FDEB41}"
EndProject
Project("{9A19103F-16F7-4668-BE54-9A1E7A4F7556}") = "GenerateDocument_NetStandard", "GenerateDocument\GenerateDocument_NetStandard.csproj", "{579E4267-B59C-4ABB-9D05-14CFAC19A060}"
EndProject
Global
	GlobalSection(SolutionConfigurationPlatforms) = preSolution
		Debug|Any CPU = Debug|Any CPU
		Release|Any CPU = Release|Any CPU
	EndGlobalSection
	GlobalSection(ProjectConfigurationPlatforms) = postSolution
		{EA789F02-2324-41CC-B871-A3BE47FDEB41}.Debug|Any CPU.ActiveCfg = Debug|Any CPU
		{EA789F02-2324-41CC-B871-A3BE47FDEB41}.Debug|Any CPU.Build.0 = Debug|Any CPU
		{EA789F02-2324-41CC-B871-A3BE47FDEB41}.Release|Any CPU.ActiveCfg = Release|Any CPU
		{EA789F02-2324-41CC-B871-A3BE47FDEB41}.Release|Any CPU.Build.0 = Release|Any CPU
		{579E4267-B59C-4ABB-9D05-14CFAC19A060}.Debug|Any CPU.ActiveCfg = Debug|Any CPU
		{579E4267-B59C-4ABB-9D05-14CFAC19A060}.Debug|Any CPU.Build.0 = Debug|Any CPU
		{579E4267-B59C-4ABB-9D05-14CFAC19A060}.Release|Any CPU.ActiveCfg = Release|Any CPU
		{579E4267-B59C-4ABB-9D05-14CFAC19A060}.Release|Any CPU.Build.0 = Release|Any CPU
	EndGlobalSection
	GlobalSection(SolutionProperties) = preSolution
		HideSolutionNode = FALSE
	EndGlobalSection
	GlobalSection(ExtensibilityGlobals) = postSolution
		SolutionGuid = {A61B328B-C4EF-4455-81BA-5D086D47A45A}
	EndGlobalSection
	GlobalSection(TeamFoundationVersionControl) = preSolution
		SccNumberOfProjects = 3
		SccEnterpriseProvider = {4CA58AB2-18FA-4F8D-95D4-32DDF27D184C}
		SccTeamFoundationServer = http://tfs:8082/defaultcollection
		SccLocalPath0 = .
		SccProjectUniqueName1 = AppendWorksheetToExistingWorkbook\\AppendWorksheetToExistingWorkbook_NetStandard.csproj
		SccProjectName1 = AppendWorksheetToExistingWorkbook
		SccLocalPath1 = AppendWorksheetToExistingWorkbook
		SccProjectUniqueName2 = GenerateDocument\\GenerateDocument_NetStandard.csproj
		SccProjectName2 = GenerateDocument
		SccLocalPath2 = GenerateDocument
	EndGlobalSection
EndGlobal
