
Microsoft Visual Studio Solution File, Format Version 12.00
# Visual Studio 15
VisualStudioVersion = 15.0.26730.0
MinimumVisualStudioVersion = 10.0.40219.1
Project("{FAE04EC0-301F-11D3-BF4B-00C04F79EFBC}") = "GenerateDocument", "GenerateDocument\GenerateDocument.csproj", "{869DF5E6-3C96-4AAF-A34F-F292B4BB2C3F}"
EndProject
Project("{FAE04EC0-301F-11D3-BF4B-00C04F79EFBC}") = "AppendWorksheetToExistingWorkbook", "AppendWorksheetToExistingWorkbook\AppendWorksheetToExistingWorkbook.csproj", "{985F8533-A90E-43AD-82C7-2B2BDE259302}"
EndProject
Global
	GlobalSection(SolutionConfigurationPlatforms) = preSolution
		Debug|Any CPU = Debug|Any CPU
		Release|Any CPU = Release|Any CPU
	EndGlobalSection
	GlobalSection(ProjectConfigurationPlatforms) = postSolution
		{869DF5E6-3C96-4AAF-A34F-F292B4BB2C3F}.Debug|Any CPU.ActiveCfg = Debug|Any CPU
		{869DF5E6-3C96-4AAF-A34F-F292B4BB2C3F}.Debug|Any CPU.Build.0 = Debug|Any CPU
		{869DF5E6-3C96-4AAF-A34F-F292B4BB2C3F}.Release|Any CPU.ActiveCfg = Release|Any CPU
		{869DF5E6-3C96-4AAF-A34F-F292B4BB2C3F}.Release|Any CPU.Build.0 = Release|Any CPU
		{985F8533-A90E-43AD-82C7-2B2BDE259302}.Debug|Any CPU.ActiveCfg = Debug|Any CPU
		{985F8533-A90E-43AD-82C7-2B2BDE259302}.Debug|Any CPU.Build.0 = Debug|Any CPU
		{985F8533-A90E-43AD-82C7-2B2BDE259302}.Release|Any CPU.ActiveCfg = Release|Any CPU
		{985F8533-A90E-43AD-82C7-2B2BDE259302}.Release|Any CPU.Build.0 = Release|Any CPU
	EndGlobalSection
	GlobalSection(SolutionProperties) = preSolution
		HideSolutionNode = FALSE
	EndGlobalSection
	GlobalSection(ExtensibilityGlobals) = postSolution
		SolutionGuid = {D2F894A5-7CCA-48AB-BB49-E0BA45D9672C}
	EndGlobalSection
	GlobalSection(TeamFoundationVersionControl) = preSolution
		SccNumberOfProjects = 3
		SccEnterpriseProvider = {4CA58AB2-18FA-4F8D-95D4-32DDF27D184C}
		SccTeamFoundationServer = http://tfsemea.progress.com:8080/
		SccLocalPath0 = .
		SccProjectUniqueName1 = GenerateDocument\\GenerateDocument.csproj
		SccProjectName1 = GenerateDocument
		SccLocalPath1 = GenerateDocument
		SccProjectUniqueName2 = AppendWorksheetToExistingWorkbook\\AppendWorksheetToExistingWorkbook.csproj
		SccProjectName2 = AppendWorksheetToExistingWorkbook
		SccLocalPath2 = AppendWorksheetToExistingWorkbook
	EndGlobalSection
EndGlobal
