
Microsoft Visual Studio Solution File, Format Version 12.00
# Visual Studio Version 16
VisualStudioVersion = 16.0.29709.97
MinimumVisualStudioVersion = 10.0.40219.1
Project("{9A19103F-16F7-4668-BE54-9A1E7A4F7556}") = "ConvertDocuments_NetStandard", "ConvertDocuments\ConvertDocuments_NetStandard.csproj", "{B9ED7C79-5EF5-4F65-AFE0-DC0911391779}"
EndProject
Project("{9A19103F-16F7-4668-BE54-9A1E7A4F7556}") = "CreateModifyExport_NetStandard", "CreateModifyExport\CreateModifyExport_NetStandard.csproj", "{0F0C3360-13BF-4A58-9051-E4F837B8F341}"
EndProject
Project("{9A19103F-16F7-4668-BE54-9A1E7A4F7556}") = "GenerateDocuments_NetStandard", "GenerateDocuments\GenerateDocuments_NetStandard.csproj", "{F5053683-C64C-4953-AA57-CDB1884D03E8}"
EndProject
Global
	GlobalSection(SolutionConfigurationPlatforms) = preSolution
		Debug|Any CPU = Debug|Any CPU
		Release|Any CPU = Release|Any CPU
	EndGlobalSection
	GlobalSection(ProjectConfigurationPlatforms) = postSolution
		{B9ED7C79-5EF5-4F65-AFE0-DC0911391779}.Debug|Any CPU.ActiveCfg = Debug|Any CPU
		{B9ED7C79-5EF5-4F65-AFE0-DC0911391779}.Debug|Any CPU.Build.0 = Debug|Any CPU
		{B9ED7C79-5EF5-4F65-AFE0-DC0911391779}.Release|Any CPU.ActiveCfg = Release|Any CPU
		{B9ED7C79-5EF5-4F65-AFE0-DC0911391779}.Release|Any CPU.Build.0 = Release|Any CPU
		{0F0C3360-13BF-4A58-9051-E4F837B8F341}.Debug|Any CPU.ActiveCfg = Debug|Any CPU
		{0F0C3360-13BF-4A58-9051-E4F837B8F341}.Debug|Any CPU.Build.0 = Debug|Any CPU
		{0F0C3360-13BF-4A58-9051-E4F837B8F341}.Release|Any CPU.ActiveCfg = Release|Any CPU
		{0F0C3360-13BF-4A58-9051-E4F837B8F341}.Release|Any CPU.Build.0 = Release|Any CPU
		{F5053683-C64C-4953-AA57-CDB1884D03E8}.Debug|Any CPU.ActiveCfg = Debug|Any CPU
		{F5053683-C64C-4953-AA57-CDB1884D03E8}.Debug|Any CPU.Build.0 = Debug|Any CPU
		{F5053683-C64C-4953-AA57-CDB1884D03E8}.Release|Any CPU.ActiveCfg = Release|Any CPU
		{F5053683-C64C-4953-AA57-CDB1884D03E8}.Release|Any CPU.Build.0 = Release|Any CPU
	EndGlobalSection
	GlobalSection(SolutionProperties) = preSolution
		HideSolutionNode = FALSE
	EndGlobalSection
	GlobalSection(ExtensibilityGlobals) = postSolution
		SolutionGuid = {F95E757E-6C72-4172-A4BF-C84937129D41}
	EndGlobalSection
	GlobalSection(TeamFoundationVersionControl) = preSolution
		SccNumberOfProjects = 4
		SccEnterpriseProvider = {4CA58AB2-18FA-4F8D-95D4-32DDF27D184C}
		SccTeamFoundationServer = http://tfs:8082/defaultcollection
		SccLocalPath0 = .
		SccProjectUniqueName1 = ConvertDocuments\\ConvertDocuments_NetStandard.csproj
		SccProjectName1 = ConvertDocuments
		SccLocalPath1 = ConvertDocuments
		SccProjectUniqueName2 = CreateModifyExport\\CreateModifyExport_NetStandard.csproj
		SccProjectName2 = CreateModifyExport
		SccLocalPath2 = CreateModifyExport
		SccProjectUniqueName3 = GenerateDocuments\\GenerateDocuments_NetStandard.csproj
		SccProjectName3 = GenerateDocuments
		SccLocalPath3 = GenerateDocuments
	EndGlobalSection
EndGlobal
