
Microsoft Visual Studio Solution File, Format Version 12.00
# Visual Studio Version 18
VisualStudioVersion = 18.6.11709.129 insiders
MinimumVisualStudioVersion = 10.0.40219.1
Project("{FAE04EC0-301F-11D3-BF4B-00C04F79EFBC}") = "SavingDataFromDatagridviewToXlsx", "SavingDataFromDatagridviewToXlsx.csproj", "{35AE17AA-9579-1A07-A4D7-9365A97DF24D}"
EndProject
Global
	GlobalSection(SolutionConfigurationPlatforms) = preSolution
		Debug|Any CPU = Debug|Any CPU
		Release|Any CPU = Release|Any CPU
	EndGlobalSection
	GlobalSection(ProjectConfigurationPlatforms) = postSolution
		{35AE17AA-9579-1A07-A4D7-9365A97DF24D}.Debug|Any CPU.ActiveCfg = Debug|Any CPU
		{35AE17AA-9579-1A07-A4D7-9365A97DF24D}.Debug|Any CPU.Build.0 = Debug|Any CPU
		{35AE17AA-9579-1A07-A4D7-9365A97DF24D}.Release|Any CPU.ActiveCfg = Release|Any CPU
		{35AE17AA-9579-1A07-A4D7-9365A97DF24D}.Release|Any CPU.Build.0 = Release|Any CPU
	EndGlobalSection
	GlobalSection(SolutionProperties) = preSolution
		HideSolutionNode = FALSE
	EndGlobalSection
	GlobalSection(ExtensibilityGlobals) = postSolution
		SolutionGuid = {172E124C-F134-423F-876F-FB63015B6317}
	EndGlobalSection
EndGlobal
