
Microsoft Visual Studio Solution File, Format Version 12.00
# Visual Studio Version 18
VisualStudioVersion = 18.4.11506.43 insiders
MinimumVisualStudioVersion = 10.0.40219.1
Project("{FAE04EC0-301F-11D3-BF4B-00C04F79EFBC}") = "PerUserIsolatedStorage", "PerUserIsolatedStorage.csproj", "{84F86A67-9573-8B4C-6B61-9B568261DAC7}"
EndProject
Global
	GlobalSection(SolutionConfigurationPlatforms) = preSolution
		Debug|Any CPU = Debug|Any CPU
		Release|Any CPU = Release|Any CPU
	EndGlobalSection
	GlobalSection(ProjectConfigurationPlatforms) = postSolution
		{84F86A67-9573-8B4C-6B61-9B568261DAC7}.Debug|Any CPU.ActiveCfg = Debug|Any CPU
		{84F86A67-9573-8B4C-6B61-9B568261DAC7}.Debug|Any CPU.Build.0 = Debug|Any CPU
		{84F86A67-9573-8B4C-6B61-9B568261DAC7}.Release|Any CPU.ActiveCfg = Release|Any CPU
		{84F86A67-9573-8B4C-6B61-9B568261DAC7}.Release|Any CPU.Build.0 = Release|Any CPU
	EndGlobalSection
	GlobalSection(SolutionProperties) = preSolution
		HideSolutionNode = FALSE
	EndGlobalSection
	GlobalSection(ExtensibilityGlobals) = postSolution
		SolutionGuid = {23041945-078E-4E7E-8E22-FC9A95D77E04}
	EndGlobalSection
EndGlobal
