
Microsoft Visual Studio Solution File, Format Version 12.00
# Visual Studio Version 16
VisualStudioVersion = 16.0.29709.97
MinimumVisualStudioVersion = 10.0.40219.1
Project("{9A19103F-16F7-4668-BE54-9A1E7A4F7556}") = "CreateZipArchive_NetStandard", "CreateZipArchive\CreateZipArchive_NetStandard.csproj", "{C9114D47-0D7B-4ADC-85EB-8DEF38670F76}"
EndProject
Global
	GlobalSection(SolutionConfigurationPlatforms) = preSolution
		Debug|Any CPU = Debug|Any CPU
		Release|Any CPU = Release|Any CPU
	EndGlobalSection
	GlobalSection(ProjectConfigurationPlatforms) = postSolution
		{C9114D47-0D7B-4ADC-85EB-8DEF38670F76}.Debug|Any CPU.ActiveCfg = Debug|Any CPU
		{C9114D47-0D7B-4ADC-85EB-8DEF38670F76}.Debug|Any CPU.Build.0 = Debug|Any CPU
		{C9114D47-0D7B-4ADC-85EB-8DEF38670F76}.Release|Any CPU.ActiveCfg = Release|Any CPU
		{C9114D47-0D7B-4ADC-85EB-8DEF38670F76}.Release|Any CPU.Build.0 = Release|Any CPU
	EndGlobalSection
	GlobalSection(SolutionProperties) = preSolution
		HideSolutionNode = FALSE
	EndGlobalSection
	GlobalSection(ExtensibilityGlobals) = postSolution
		SolutionGuid = {AF2367B9-677A-4F76-9A8C-1B49CB0F5DD1}
	EndGlobalSection
EndGlobal
